// !$*UTF8*$!
{
	archiveVersion = 1;
	classes = {
	};
	objectVersion = 60;
	objects = {

/* Begin PBXBuildFile section */
		822C18E45F9D3DDEE5B3335C /* Pods_MYRecognizeLabel.framework in Frameworks */ = {isa = PBXBuildFile; fileRef = 1B520684F952B8A31995C250 /* Pods_MYRecognizeLabel.framework */; };
		EB5CD7222D35FCCB002F6333 /* AppDelegate.swift in Sources */ = {isa = PBXBuildFile; fileRef = EB5CD7212D35FCCB002F6333 /* AppDelegate.swift */; };
		EB5CD7262D35FCCB002F6333 /* ViewController.swift in Sources */ = {isa = PBXBuildFile; fileRef = EB5CD7252D35FCCB002F6333 /* ViewController.swift */; };
		EB5CD7292D35FCCB002F6333 /* Base in Resources */ = {isa = PBXBuildFile; fileRef = EB5CD7282D35FCCB002F6333 /* Base */; };
		EB5CD72B2D35FCCF002F6333 /* Assets.xcassets in Resources */ = {isa = PBXBuildFile; fileRef = EB5CD72A2D35FCCF002F6333 /* Assets.xcassets */; };
		EB5CD72E2D35FCCF002F6333 /* Base in Resources */ = {isa = PBXBuildFile; fileRef = EB5CD72D2D35FCCF002F6333 /* Base */; };
		EB5CD7382D35FE2F002F6333 /* MYRecognizeRule.swift in Sources */ = {isa = PBXBuildFile; fileRef = EB5CD7352D35FE2F002F6333 /* MYRecognizeRule.swift */; };
		EB5CD7392D35FE2F002F6333 /* MYRecognizeLabel.swift in Sources */ = {isa = PBXBuildFile; fileRef = EB5CD7362D35FE2F002F6333 /* MYRecognizeLabel.swift */; };
		EB5CD73A2D35FE2F002F6333 /* MYRecognizelManager.swift in Sources */ = {isa = PBXBuildFile; fileRef = EB5CD7372D35FE2F002F6333 /* MYRecognizelManager.swift */; };
/* End PBXBuildFile section */

/* Begin PBXFileReference section */
		1B520684F952B8A31995C250 /* Pods_MYRecognizeLabel.framework */ = {isa = PBXFileReference; explicitFileType = wrapper.framework; includeInIndex = 0; path = Pods_MYRecognizeLabel.framework; sourceTree = BUILT_PRODUCTS_DIR; };
		DC19D5E81494245EBBC0C10C /* Pods-MYRecognizeLabel.release.xcconfig */ = {isa = PBXFileReference; includeInIndex = 1; lastKnownFileType = text.xcconfig; name = "Pods-MYRecognizeLabel.release.xcconfig"; path = "Target Support Files/Pods-MYRecognizeLabel/Pods-MYRecognizeLabel.release.xcconfig"; sourceTree = "<group>"; };
		EB5CD71E2D35FCCB002F6333 /* MYRecognizeLabel.app */ = {isa = PBXFileReference; explicitFileType = wrapper.application; includeInIndex = 0; path = MYRecognizeLabel.app; sourceTree = BUILT_PRODUCTS_DIR; };
		EB5CD7212D35FCCB002F6333 /* AppDelegate.swift */ = {isa = PBXFileReference; lastKnownFileType = sourcecode.swift; path = AppDelegate.swift; sourceTree = "<group>"; };
		EB5CD7252D35FCCB002F6333 /* ViewController.swift */ = {isa = PBXFileReference; lastKnownFileType = sourcecode.swift; path = ViewController.swift; sourceTree = "<group>"; };
		EB5CD7282D35FCCB002F6333 /* Base */ = {isa = PBXFileReference; lastKnownFileType = file.storyboard; name = Base; path = Base.lproj/Main.storyboard; sourceTree = "<group>"; };
		EB5CD72A2D35FCCF002F6333 /* Assets.xcassets */ = {isa = PBXFileReference; lastKnownFileType = folder.assetcatalog; path = Assets.xcassets; sourceTree = "<group>"; };
		EB5CD72D2D35FCCF002F6333 /* Base */ = {isa = PBXFileReference; lastKnownFileType = file.storyboard; name = Base; path = Base.lproj/LaunchScreen.storyboard; sourceTree = "<group>"; };
		EB5CD72F2D35FCCF002F6333 /* Info.plist */ = {isa = PBXFileReference; lastKnownFileType = text.plist.xml; path = Info.plist; sourceTree = "<group>"; };
		EB5CD7352D35FE2F002F6333 /* MYRecognizeRule.swift */ = {isa = PBXFileReference; fileEncoding = 4; lastKnownFileType = sourcecode.swift; path = MYRecognizeRule.swift; sourceTree = "<group>"; };
		EB5CD7362D35FE2F002F6333 /* MYRecognizeLabel.swift */ = {isa = PBXFileReference; fileEncoding = 4; lastKnownFileType = sourcecode.swift; path = MYRecognizeLabel.swift; sourceTree = "<group>"; };
		EB5CD7372D35FE2F002F6333 /* MYRecognizelManager.swift */ = {isa = PBXFileReference; fileEncoding = 4; lastKnownFileType = sourcecode.swift; path = MYRecognizelManager.swift; sourceTree = "<group>"; };
		EFC3CB00C4C1394C6BB11D56 /* Pods-MYRecognizeLabel.debug.xcconfig */ = {isa = PBXFileReference; includeInIndex = 1; lastKnownFileType = text.xcconfig; name = "Pods-MYRecognizeLabel.debug.xcconfig"; path = "Target Support Files/Pods-MYRecognizeLabel/Pods-MYRecognizeLabel.debug.xcconfig"; sourceTree = "<group>"; };
/* End PBXFileReference section */

/* Begin PBXFrameworksBuildPhase section */
		EB5CD71B2D35FCCB002F6333 /* Frameworks */ = {
			isa = PBXFrameworksBuildPhase;
			buildActionMask = 2147483647;
			files = (
				822C18E45F9D3DDEE5B3335C /* Pods_MYRecognizeLabel.framework in Frameworks */,
			);
			runOnlyForDeploymentPostprocessing = 0;
		};
/* End PBXFrameworksBuildPhase section */

/* Begin PBXGroup section */
		4C8505E5C0B8965A929CEA08 /* Frameworks */ = {
			isa = PBXGroup;
			children = (
				1B520684F952B8A31995C250 /* Pods_MYRecognizeLabel.framework */,
			);
			name = Frameworks;
			sourceTree = "<group>";
		};
		60448D628B3F4EC07B993E04 /* Pods */ = {
			isa = PBXGroup;
			children = (
				EFC3CB00C4C1394C6BB11D56 /* Pods-MYRecognizeLabel.debug.xcconfig */,
				DC19D5E81494245EBBC0C10C /* Pods-MYRecognizeLabel.release.xcconfig */,
			);
			path = Pods;
			sourceTree = "<group>";
		};
		EB5CD7152D35FCCB002F6333 = {
			isa = PBXGroup;
			children = (
				EB5CD7202D35FCCB002F6333 /* MYRecognizeLabel */,
				EB5CD71F2D35FCCB002F6333 /* Products */,
				60448D628B3F4EC07B993E04 /* Pods */,
				4C8505E5C0B8965A929CEA08 /* Frameworks */,
			);
			sourceTree = "<group>";
		};
		EB5CD71F2D35FCCB002F6333 /* Products */ = {
			isa = PBXGroup;
			children = (
				EB5CD71E2D35FCCB002F6333 /* MYRecognizeLabel.app */,
			);
			name = Products;
			sourceTree = "<group>";
		};
		EB5CD7202D35FCCB002F6333 /* MYRecognizeLabel */ = {
			isa = PBXGroup;
			children = (
				EB5CD7212D35FCCB002F6333 /* AppDelegate.swift */,
				EB5CD7252D35FCCB002F6333 /* ViewController.swift */,
				EB5CD7272D35FCCB002F6333 /* Main.storyboard */,
				EB5CD72A2D35FCCF002F6333 /* Assets.xcassets */,
				EB5CD72C2D35FCCF002F6333 /* LaunchScreen.storyboard */,
				EB5CD72F2D35FCCF002F6333 /* Info.plist */,
				EB5CD7362D35FE2F002F6333 /* MYRecognizeLabel.swift */,
				EB5CD7372D35FE2F002F6333 /* MYRecognizelManager.swift */,
				EB5CD7352D35FE2F002F6333 /* MYRecognizeRule.swift */,
			);
			path = MYRecognizeLabel;
			sourceTree = "<group>";
		};
/* End PBXGroup section */

/* Begin PBXNativeTarget section */
		EB5CD71D2D35FCCB002F6333 /* MYRecognizeLabel */ = {
			isa = PBXNativeTarget;
			buildConfigurationList = EB5CD7322D35FCCF002F6333 /* Build configuration list for PBXNativeTarget "MYRecognizeLabel" */;
			buildPhases = (
				277F35EDF3B3AC23A292B0FC /* [CP] Check Pods Manifest.lock */,
				EB5CD71A2D35FCCB002F6333 /* Sources */,
				EB5CD71B2D35FCCB002F6333 /* Frameworks */,
				EB5CD71C2D35FCCB002F6333 /* Resources */,
				F5BEB05E430B5D6930D2A03D /* [CP] Embed Pods Frameworks */,
			);
			buildRules = (
			);
			dependencies = (
			);
			name = MYRecognizeLabel;
			productName = MYRecognizeLabel;
			productReference = EB5CD71E2D35FCCB002F6333 /* MYRecognizeLabel.app */;
			productType = "com.apple.product-type.application";
		};
/* End PBXNativeTarget section */

/* Begin PBXProject section */
		EB5CD7162D35FCCB002F6333 /* Project object */ = {
			isa = PBXProject;
			attributes = {
				BuildIndependentTargetsInParallel = 1;
				LastSwiftUpdateCheck = 1540;
				LastUpgradeCheck = 1540;
				TargetAttributes = {
					EB5CD71D2D35FCCB002F6333 = {
						CreatedOnToolsVersion = 15.4;
					};
				};
			};
			buildConfigurationList = EB5CD7192D35FCCB002F6333 /* Build configuration list for PBXProject "MYRecognizeLabel" */;
			compatibilityVersion = "Xcode 15.0";
			developmentRegion = en;
			hasScannedForEncodings = 0;
			knownRegions = (
				en,
				Base,
			);
			mainGroup = EB5CD7152D35FCCB002F6333;
			productRefGroup = EB5CD71F2D35FCCB002F6333 /* Products */;
			projectDirPath = "";
			projectRoot = "";
			targets = (
				EB5CD71D2D35FCCB002F6333 /* MYRecognizeLabel */,
			);
		};
/* End PBXProject section */

/* Begin PBXResourcesBuildPhase section */
		EB5CD71C2D35FCCB002F6333 /* Resources */ = {
			isa = PBXResourcesBuildPhase;
			buildActionMask = 2147483647;
			files = (
				EB5CD72B2D35FCCF002F6333 /* Assets.xcassets in Resources */,
				EB5CD72E2D35FCCF002F6333 /* Base in Resources */,
				EB5CD7292D35FCCB002F6333 /* Base in Resources */,
			);
			runOnlyForDeploymentPostprocessing = 0;
		};
/* End PBXResourcesBuildPhase section */

/* Begin PBXShellScriptBuildPhase section */
		277F35EDF3B3AC23A292B0FC /* [CP] Check Pods Manifest.lock */ = {
			isa = PBXShellScriptBuildPhase;
			buildActionMask = 2147483647;
			files = (
			);
			inputFileListPaths = (
			);
			inputPaths = (
				"${PODS_PODFILE_DIR_PATH}/Podfile.lock",
				"${PODS_ROOT}/Manifest.lock",
			);
			name = "[CP] Check Pods Manifest.lock";
			outputFileListPaths = (
			);
			outputPaths = (
				"$(DERIVED_FILE_DIR)/Pods-MYRecognizeLabel-checkManifestLockResult.txt",
			);
			runOnlyForDeploymentPostprocessing = 0;
			shellPath = /bin/sh;
			shellScript = "diff \"${PODS_PODFILE_DIR_PATH}/Podfile.lock\" \"${PODS_ROOT}/Manifest.lock\" > /dev/null\nif [ $? != 0 ] ; then\n    # print error to STDERR\n    echo \"error: The sandbox is not in sync with the Podfile.lock. Run 'pod install' or update your CocoaPods installation.\" >&2\n    exit 1\nfi\n# This output is used by Xcode 'outputs' to avoid re-running this script phase.\necho \"SUCCESS\" > \"${SCRIPT_OUTPUT_FILE_0}\"\n";
			showEnvVarsInLog = 0;
		};
		F5BEB05E430B5D6930D2A03D /* [CP] Embed Pods Frameworks */ = {
			isa = PBXShellScriptBuildPhase;
			buildActionMask = 2147483647;
			files = (
			);
			inputFileListPaths = (
				"${PODS_ROOT}/Target Support Files/Pods-MYRecognizeLabel/Pods-MYRecognizeLabel-frameworks-${CONFIGURATION}-input-files.xcfilelist",
			);
			name = "[CP] Embed Pods Frameworks";
			outputFileListPaths = (
				"${PODS_ROOT}/Target Support Files/Pods-MYRecognizeLabel/Pods-MYRecognizeLabel-frameworks-${CONFIGURATION}-output-files.xcfilelist",
			);
			runOnlyForDeploymentPostprocessing = 0;
			shellPath = /bin/sh;
			shellScript = "\"${PODS_ROOT}/Target Support Files/Pods-MYRecognizeLabel/Pods-MYRecognizeLabel-frameworks.sh\"\n";
			showEnvVarsInLog = 0;
		};
/* End PBXShellScriptBuildPhase section */

/* Begin PBXSourcesBuildPhase section */
		EB5CD71A2D35FCCB002F6333 /* Sources */ = {
			isa = PBXSourcesBuildPhase;
			buildActionMask = 2147483647;
			files = (
				EB5CD7392D35FE2F002F6333 /* MYRecognizeLabel.swift in Sources */,
				EB5CD7262D35FCCB002F6333 /* ViewController.swift in Sources */,
				EB5CD7222D35FCCB002F6333 /* AppDelegate.swift in Sources */,
				EB5CD73A2D35FE2F002F6333 /* MYRecognizelManager.swift in Sources */,
				EB5CD7382D35FE2F002F6333 /* MYRecognizeRule.swift in Sources */,
			);
			runOnlyForDeploymentPostprocessing = 0;
		};
/* End PBXSourcesBuildPhase section */

/* Begin PBXVariantGroup section */
		EB5CD7272D35FCCB002F6333 /* Main.storyboard */ = {
			isa = PBXVariantGroup;
			children = (
				EB5CD7282D35FCCB002F6333 /* Base */,
			);
			name = Main.storyboard;
			sourceTree = "<group>";
		};
		EB5CD72C2D35FCCF002F6333 /* LaunchScreen.storyboard */ = {
			isa = PBXVariantGroup;
			children = (
				EB5CD72D2D35FCCF002F6333 /* Base */,
			);
			name = LaunchScreen.storyboard;
			sourceTree = "<group>";
		};
/* End PBXVariantGroup section */

/* Begin XCBuildConfiguration section */
		EB5CD7302D35FCCF002F6333 /* Debug */ = {
			isa = XCBuildConfiguration;
			buildSettings = {
				ALWAYS_SEARCH_USER_PATHS = NO;
				ASSETCATALOG_COMPILER_GENERATE_SWIFT_ASSET_SYMBOL_EXTENSIONS = YES;
				CLANG_ANALYZER_NONNULL = YES;
				CLANG_ANALYZER_NUMBER_OBJECT_CONVERSION = YES_AGGRESSIVE;
				CLANG_CXX_LANGUAGE_STANDARD = "gnu++20";
				CLANG_ENABLE_MODULES = YES;
				CLANG_ENABLE_OBJC_ARC = YES;
				CLANG_ENABLE_OBJC_WEAK = YES;
				CLANG_WARN_BLOCK_CAPTURE_AUTORELEASING = YES;
				CLANG_WARN_BOOL_CONVERSION = YES;
				CLANG_WARN_COMMA = YES;
				CLANG_WARN_CONSTANT_CONVERSION = YES;
				CLANG_WARN_DEPRECATED_OBJC_IMPLEMENTATIONS = YES;
				CLANG_WARN_DIRECT_OBJC_ISA_USAGE = YES_ERROR;
				CLANG_WARN_DOCUMENTATION_COMMENTS = YES;
				CLANG_WARN_EMPTY_BODY = YES;
				CLANG_WARN_ENUM_CONVERSION = YES;
				CLANG_WARN_INFINITE_RECURSION = YES;
				CLANG_WARN_INT_CONVERSION = YES;
				CLANG_WARN_NON_LITERAL_NULL_CONVERSION = YES;
				CLANG_WARN_OBJC_IMPLICIT_RETAIN_SELF = YES;
				CLANG_WARN_OBJC_LITERAL_CONVERSION = YES;
				CLANG_WARN_OBJC_ROOT_CLASS = YES_ERROR;
				CLANG_WARN_QUOTED_INCLUDE_IN_FRAMEWORK_HEADER = YES;
				CLANG_WARN_RANGE_LOOP_ANALYSIS = YES;
				CLANG_WARN_STRICT_PROTOTYPES = YES;
				CLANG_WARN_SUSPICIOUS_MOVE = YES;
				CLANG_WARN_UNGUARDED_AVAILABILITY = YES_AGGRESSIVE;
				CLANG_WARN_UNREACHABLE_CODE = YES;
				CLANG_WARN__DUPLICATE_METHOD_MATCH = YES;
				COPY_PHASE_STRIP = NO;
				DEBUG_INFORMATION_FORMAT = dwarf;
				ENABLE_STRICT_OBJC_MSGSEND = YES;
				ENABLE_TESTABILITY = YES;
				ENABLE_USER_SCRIPT_SANDBOXING = YES;
				GCC_C_LANGUAGE_STANDARD = gnu17;
				GCC_DYNAMIC_NO_PIC = NO;
				GCC_NO_COMMON_BLOCKS = YES;
				GCC_OPTIMIZATION_LEVEL = 0;
				GCC_PREPROCESSOR_DEFINITIONS = (
					"DEBUG=1",
					"$(inherited)",
				);
				GCC_WARN_64_TO_32_BIT_CONVERSION = YES;
				GCC_WARN_ABOUT_RETURN_TYPE = YES_ERROR;
				GCC_WARN_UNDECLARED_SELECTOR = YES;
				GCC_WARN_UNINITIALIZED_AUTOS = YES_AGGRESSIVE;
				GCC_WARN_UNUSED_FUNCTION = YES;
				GCC_WARN_UNUSED_VARIABLE = YES;
				IPHONEOS_DEPLOYMENT_TARGET = 13.0;
				LOCALIZATION_PREFERS_STRING_CATALOGS = YES;
				MTL_ENABLE_DEBUG_INFO = INCLUDE_SOURCE;
				MTL_FAST_MATH = YES;
				ONLY_ACTIVE_ARCH = YES;
				SDKROOT = iphoneos;
				SWIFT_ACTIVE_COMPILATION_CONDITIONS = "DEBUG $(inherited)";
				SWIFT_OPTIMIZATION_LEVEL = "-Onone";
			};
			name = Debug;
		};
		EB5CD7312D35FCCF002F6333 /* Release */ = {
			isa = XCBuildConfiguration;
			buildSettings = {
				ALWAYS_SEARCH_USER_PATHS = NO;
				ASSETCATALOG_COMPILER_GENERATE_SWIFT_ASSET_SYMBOL_EXTENSIONS = YES;
				CLANG_ANALYZER_NONNULL = YES;
				CLANG_ANALYZER_NUMBER_OBJECT_CONVERSION = YES_AGGRESSIVE;
				CLANG_CXX_LANGUAGE_STANDARD = "gnu++20";
				CLANG_ENABLE_MODULES = YES;
				CLANG_ENABLE_OBJC_ARC = YES;
				CLANG_ENABLE_OBJC_WEAK = YES;
				CLANG_WARN_BLOCK_CAPTURE_AUTORELEASING = YES;
				CLANG_WARN_BOOL_CONVERSION = YES;
				CLANG_WARN_COMMA = YES;
				CLANG_WARN_CONSTANT_CONVERSION = YES;
				CLANG_WARN_DEPRECATED_OBJC_IMPLEMENTATIONS = YES;
				CLANG_WARN_DIRECT_OBJC_ISA_USAGE = YES_ERROR;
				CLANG_WARN_DOCUMENTATION_COMMENTS = YES;
				CLANG_WARN_EMPTY_BODY = YES;
				CLANG_WARN_ENUM_CONVERSION = YES;
				CLANG_WARN_INFINITE_RECURSION = YES;
				CLANG_WARN_INT_CONVERSION = YES;
				CLANG_WARN_NON_LITERAL_NULL_CONVERSION = YES;
				CLANG_WARN_OBJC_IMPLICIT_RETAIN_SELF = YES;
				CLANG_WARN_OBJC_LITERAL_CONVERSION = YES;
				CLANG_WARN_OBJC_ROOT_CLASS = YES_ERROR;
				CLANG_WARN_QUOTED_INCLUDE_IN_FRAMEWORK_HEADER = YES;
				CLANG_WARN_RANGE_LOOP_ANALYSIS = YES;
				CLANG_WARN_STRICT_PROTOTYPES = YES;
				CLANG_WARN_SUSPICIOUS_MOVE = YES;
				CLANG_WARN_UNGUARDED_AVAILABILITY = YES_AGGRESSIVE;
				CLANG_WARN_UNREACHABLE_CODE = YES;
				CLANG_WARN__DUPLICATE_METHOD_MATCH = YES;
				COPY_PHASE_STRIP = NO;
				DEBUG_INFORMATION_FORMAT = "dwarf-with-dsym";
				ENABLE_NS_ASSERTIONS = NO;
				ENABLE_STRICT_OBJC_MSGSEND = YES;
				ENABLE_USER_SCRIPT_SANDBOXING = YES;
				GCC_C_LANGUAGE_STANDARD = gnu17;
				GCC_NO_COMMON_BLOCKS = YES;
				GCC_WARN_64_TO_32_BIT_CONVERSION = YES;
				GCC_WARN_ABOUT_RETURN_TYPE = YES_ERROR;
				GCC_WARN_UNDECLARED_SELECTOR = YES;
				GCC_WARN_UNINITIALIZED_AUTOS = YES_AGGRESSIVE;
				GCC_WARN_UNUSED_FUNCTION = YES;
				GCC_WARN_UNUSED_VARIABLE = YES;
				IPHONEOS_DEPLOYMENT_TARGET = 13.0;
				LOCALIZATION_PREFERS_STRING_CATALOGS = YES;
				MTL_ENABLE_DEBUG_INFO = NO;
				MTL_FAST_MATH = YES;
				SDKROOT = iphoneos;
				SWIFT_COMPILATION_MODE = wholemodule;
				VALIDATE_PRODUCT = YES;
			};
			name = Release;
		};
		EB5CD7332D35FCCF002F6333 /* Debug */ = {
			isa = XCBuildConfiguration;
			baseConfigurationReference = EFC3CB00C4C1394C6BB11D56 /* Pods-MYRecognizeLabel.debug.xcconfig */;
			buildSettings = {
				ASSETCATALOG_COMPILER_APPICON_NAME = AppIcon;
				ASSETCATALOG_COMPILER_GLOBAL_ACCENT_COLOR_NAME = AccentColor;
				CODE_SIGN_STYLE = Automatic;
				CURRENT_PROJECT_VERSION = 1;
				DEVELOPMENT_TEAM = HEUN8RQNTQ;
				ENABLE_APP_SANDBOX = NO;
				ENABLE_USER_SCRIPT_SANDBOXING = NO;
				ENABLE_USER_SELECTED_FILES = "";
				GENERATE_INFOPLIST_FILE = YES;
				INFOPLIST_FILE = MYRecognizeLabel/Info.plist;
				INFOPLIST_KEY_CFBundleDisplayName = "Recognize-Test";
				INFOPLIST_KEY_UIApplicationSupportsIndirectInputEvents = YES;
				INFOPLIST_KEY_UILaunchStoryboardName = LaunchScreen;
				INFOPLIST_KEY_UISupportedInterfaceOrientations = UIInterfaceOrientationPortrait;
				INFOPLIST_KEY_UISupportedInterfaceOrientations_iPad = "UIInterfaceOrientationLandscapeLeft UIInterfaceOrientationLandscapeRight UIInterfaceOrientationPortrait UIInterfaceOrientationPortraitUpsideDown";
				IPHONEOS_DEPLOYMENT_TARGET = 13.0;
				LD_RUNPATH_SEARCH_PATHS = (
					"$(inherited)",
					"@executable_path/Frameworks",
				);
				MARKETING_VERSION = 1.0;
				PRODUCT_BUNDLE_IDENTIFIER = com.HowardExplore.MYRecognizeLabel;
				PRODUCT_NAME = "$(TARGET_NAME)";
				SUPPORTED_PLATFORMS = "iphoneos iphonesimulator";
				SUPPORTS_MACCATALYST = NO;
				SWIFT_EMIT_LOC_STRINGS = YES;
				SWIFT_VERSION = 5.0;
				TARGETED_DEVICE_FAMILY = 1;
			};
			name = Debug;
		};
		EB5CD7342D35FCCF002F6333 /* Release */ = {
			isa = XCBuildConfiguration;
			baseConfigurationReference = DC19D5E81494245EBBC0C10C /* Pods-MYRecognizeLabel.release.xcconfig */;
			buildSettings = {
				ASSETCATALOG_COMPILER_APPICON_NAME = AppIcon;
				ASSETCATALOG_COMPILER_GLOBAL_ACCENT_COLOR_NAME = AccentColor;
				CODE_SIGN_STYLE = Automatic;
				CURRENT_PROJECT_VERSION = 1;
				DEVELOPMENT_TEAM = HEUN8RQNTQ;
				ENABLE_APP_SANDBOX = NO;
				ENABLE_USER_SCRIPT_SANDBOXING = NO;
				ENABLE_USER_SELECTED_FILES = "";
				GENERATE_INFOPLIST_FILE = YES;
				INFOPLIST_FILE = MYRecognizeLabel/Info.plist;
				INFOPLIST_KEY_CFBundleDisplayName = "Recognize-Test";
				INFOPLIST_KEY_UIApplicationSupportsIndirectInputEvents = YES;
				INFOPLIST_KEY_UILaunchStoryboardName = LaunchScreen;
				INFOPLIST_KEY_UISupportedInterfaceOrientations = UIInterfaceOrientationPortrait;
				INFOPLIST_KEY_UISupportedInterfaceOrientations_iPad = "UIInterfaceOrientationLandscapeLeft UIInterfaceOrientationLandscapeRight UIInterfaceOrientationPortrait UIInterfaceOrientationPortraitUpsideDown";
				IPHONEOS_DEPLOYMENT_TARGET = 13.0;
				LD_RUNPATH_SEARCH_PATHS = (
					"$(inherited)",
					"@executable_path/Frameworks",
				);
				MARKETING_VERSION = 1.0;
				PRODUCT_BUNDLE_IDENTIFIER = com.HowardExplore.MYRecognizeLabel;
				PRODUCT_NAME = "$(TARGET_NAME)";
				SUPPORTED_PLATFORMS = "iphoneos iphonesimulator";
				SUPPORTS_MACCATALYST = NO;
				SWIFT_EMIT_LOC_STRINGS = YES;
				SWIFT_VERSION = 5.0;
				TARGETED_DEVICE_FAMILY = 1;
			};
			name = Release;
		};
/* End XCBuildConfiguration section */

/* Begin XCConfigurationList section */
		EB5CD7192D35FCCB002F6333 /* Build configuration list for PBXProject "MYRecognizeLabel" */ = {
			isa = XCConfigurationList;
			buildConfigurations = (
				EB5CD7302D35FCCF002F6333 /* Debug */,
				EB5CD7312D35FCCF002F6333 /* Release */,
			);
			defaultConfigurationIsVisible = 0;
			defaultConfigurationName = Release;
		};
		EB5CD7322D35FCCF002F6333 /* Build configuration list for PBXNativeTarget "MYRecognizeLabel" */ = {
			isa = XCConfigurationList;
			buildConfigurations = (
				EB5CD7332D35FCCF002F6333 /* Debug */,
				EB5CD7342D35FCCF002F6333 /* Release */,
			);
			defaultConfigurationIsVisible = 0;
			defaultConfigurationName = Release;
		};
/* End XCConfigurationList section */
	};
	rootObject = EB5CD7162D35FCCB002F6333 /* Project object */;
}
